
Microsoft Visual Studio Solution File, Format Version 12.00
# Visual Studio Version 17
VisualStudioVersion = 17.5.002.0
MinimumVisualStudioVersion = 10.0.40219.1
Project("{9A19103F-16F7-4668-BE54-9A1E7A4F7556}") = "DotNet7MVC", "DotNet7MVC.csproj", "{7F53469F-7CFA-4DB4-8C32-2869FFF14A25}"
EndProject
Global
	GlobalSection(SolutionConfigurationPlatforms) = preSolution
		Debug|Any CPU = Debug|Any CPU
		Release|Any CPU = Release|Any CPU
	EndGlobalSection
	GlobalSection(ProjectConfigurationPlatforms) = postSolution
		{7F53469F-7CFA-4DB4-8C32-2869FFF14A25}.Debug|Any CPU.ActiveCfg = Debug|Any CPU
		{7F53469F-7CFA-4DB4-8C32-2869FFF14A25}.Debug|Any CPU.Build.0 = Debug|Any CPU
		{7F53469F-7CFA-4DB4-8C32-2869FFF14A25}.Release|Any CPU.ActiveCfg = Release|Any CPU
		{7F53469F-7CFA-4DB4-8C32-2869FFF14A25}.Release|Any CPU.Build.0 = Release|Any CPU
	EndGlobalSection
	GlobalSection(SolutionProperties) = preSolution
		HideSolutionNode = FALSE
	EndGlobalSection
	GlobalSection(ExtensibilityGlobals) = postSolution
		SolutionGuid = {7C7E7456-9454-4FFB-A6CE-F9D1CFE93207}
	EndGlobalSection
EndGlobal
